
Microsoft Visual Studio Solution File, Format Version 12.00
# Visual Studio Version 17
VisualStudioVersion = 17.5.33424.131
MinimumVisualStudioVersion = 10.0.40219.1
Project("{FAE04EC0-301F-11D3-BF4B-00C04F79EFBC}") = "LootManagerApi", "LootManagerApi\LootManagerApi.csproj", "{5C454E61-4A95-4A67-A94F-74A6C5AD2416}"
EndProject
Global
	GlobalSection(SolutionConfigurationPlatforms) = preSolution
		Debug|Any CPU = Debug|Any CPU
		Release|Any CPU = Release|Any CPU
	EndGlobalSection
	GlobalSection(ProjectConfigurationPlatforms) = postSolution
		{5C454E61-4A95-4A67-A94F-74A6C5AD2416}.Debug|Any CPU.ActiveCfg = Debug|Any CPU
		{5C454E61-4A95-4A67-A94F-74A6C5AD2416}.Debug|Any CPU.Build.0 = Debug|Any CPU
		{5C454E61-4A95-4A67-A94F-74A6C5AD2416}.Release|Any CPU.ActiveCfg = Release|Any CPU
		{5C454E61-4A95-4A67-A94F-74A6C5AD2416}.Release|Any CPU.Build.0 = Release|Any CPU
	EndGlobalSection
	GlobalSection(SolutionProperties) = preSolution
		HideSolutionNode = FALSE
	EndGlobalSection
	GlobalSection(ExtensibilityGlobals) = postSolution
		SolutionGuid = {9EA88AAE-79D7-4A05-970A-5BCAEC2BFE97}
	EndGlobalSection
EndGlobal
